
Microsoft Visual Studio Solution File, Format Version 12.00
# Visual Studio Version 17
VisualStudioVersion = 17.14.36109.1 d17.14
MinimumVisualStudioVersion = 10.0.40219.1
Project("{FAE04EC0-301F-11D3-BF4B-00C04F79EFBC}") = "HRTool", "HRTool.csproj", "{6AEB11FD-F7C0-4E71-9C87-32C4BB6BD77B}"
EndProject
Global
	GlobalSection(SolutionConfigurationPlatforms) = preSolution
		Debug|Any CPU = Debug|Any CPU
		Release|Any CPU = Release|Any CPU
	EndGlobalSection
	GlobalSection(ProjectConfigurationPlatforms) = postSolution
		{6AEB11FD-F7C0-4E71-9C87-32C4BB6BD77B}.Debug|Any CPU.ActiveCfg = Debug|Any CPU
		{6AEB11FD-F7C0-4E71-9C87-32C4BB6BD77B}.Debug|Any CPU.Build.0 = Debug|Any CPU
		{6AEB11FD-F7C0-4E71-9C87-32C4BB6BD77B}.Release|Any CPU.ActiveCfg = Release|Any CPU
		{6AEB11FD-F7C0-4E71-9C87-32C4BB6BD77B}.Release|Any CPU.Build.0 = Release|Any CPU
	EndGlobalSection
	GlobalSection(SolutionProperties) = preSolution
		HideSolutionNode = FALSE
	EndGlobalSection
	GlobalSection(ExtensibilityGlobals) = postSolution
		SolutionGuid = {3B691EE1-B9A7-4D53-90A9-AF8A8550FBE2}
	EndGlobalSection
EndGlobal
